
Microsoft Visual Studio Solution File, Format Version 12.00
# Visual Studio Version 17
VisualStudioVersion = 17.1.32328.378
MinimumVisualStudioVersion = 10.0.40219.1
Project("{9A19103F-16F7-4668-BE54-9A1E7A4F7556}") = "AEveryDay", "AEveryDay\AEveryDay.csproj", "{2F00A718-7231-4CF0-B87C-D85F9CB80438}"
	ProjectSection(ProjectDependencies) = postProject
		{A3610E14-A70E-4F29-93DF-CD506F12C809} = {A3610E14-A70E-4F29-93DF-CD506F12C809}
	EndProjectSection
EndProject
Project("{FAE04EC0-301F-11D3-BF4B-00C04F79EFBC}") = "Core", "Core\Core.csproj", "{8915C591-DFC8-42EA-939B-4782939EA783}"
EndProject
Project("{FAE04EC0-301F-11D3-BF4B-00C04F79EFBC}") = "Infrastructure", "Infrastructure\Infrastructure.csproj", "{A3610E14-A70E-4F29-93DF-CD506F12C809}"
	ProjectSection(ProjectDependencies) = postProject
		{8915C591-DFC8-42EA-939B-4782939EA783} = {8915C591-DFC8-42EA-939B-4782939EA783}
	EndProjectSection
EndProject
Global
	GlobalSection(SolutionConfigurationPlatforms) = preSolution
		Debug|Any CPU = Debug|Any CPU
		Release|Any CPU = Release|Any CPU
	EndGlobalSection
	GlobalSection(ProjectConfigurationPlatforms) = postSolution
		{2F00A718-7231-4CF0-B87C-D85F9CB80438}.Debug|Any CPU.ActiveCfg = Debug|Any CPU
		{2F00A718-7231-4CF0-B87C-D85F9CB80438}.Debug|Any CPU.Build.0 = Debug|Any CPU
		{2F00A718-7231-4CF0-B87C-D85F9CB80438}.Release|Any CPU.ActiveCfg = Release|Any CPU
		{2F00A718-7231-4CF0-B87C-D85F9CB80438}.Release|Any CPU.Build.0 = Release|Any CPU
		{8915C591-DFC8-42EA-939B-4782939EA783}.Debug|Any CPU.ActiveCfg = Debug|Any CPU
		{8915C591-DFC8-42EA-939B-4782939EA783}.Debug|Any CPU.Build.0 = Debug|Any CPU
		{8915C591-DFC8-42EA-939B-4782939EA783}.Release|Any CPU.ActiveCfg = Release|Any CPU
		{8915C591-DFC8-42EA-939B-4782939EA783}.Release|Any CPU.Build.0 = Release|Any CPU
		{A3610E14-A70E-4F29-93DF-CD506F12C809}.Debug|Any CPU.ActiveCfg = Debug|Any CPU
		{A3610E14-A70E-4F29-93DF-CD506F12C809}.Debug|Any CPU.Build.0 = Debug|Any CPU
		{A3610E14-A70E-4F29-93DF-CD506F12C809}.Release|Any CPU.ActiveCfg = Release|Any CPU
		{A3610E14-A70E-4F29-93DF-CD506F12C809}.Release|Any CPU.Build.0 = Release|Any CPU
	EndGlobalSection
	GlobalSection(SolutionProperties) = preSolution
		HideSolutionNode = FALSE
	EndGlobalSection
	GlobalSection(ExtensibilityGlobals) = postSolution
		SolutionGuid = {6799173C-A400-4C4A-A03C-34E987724750}
	EndGlobalSection
EndGlobal
